
Microsoft Visual Studio Solution File, Format Version 12.00
# Visual Studio Version 17
VisualStudioVersion = 17.3.32929.385
MinimumVisualStudioVersion = 10.0.40219.1
Project("{FAE04EC0-301F-11D3-BF4B-00C04F79EFBC}") = "Test2_Vinay_Overloading", "Test2_Vinay_Overloading\Test2_Vinay_Overloading.csproj", "{4B6E30D6-DF40-44AF-9D22-1E1C44FABAEB}"
EndProject
Global
	GlobalSection(SolutionConfigurationPlatforms) = preSolution
		Debug|Any CPU = Debug|Any CPU
		Release|Any CPU = Release|Any CPU
	EndGlobalSection
	GlobalSection(ProjectConfigurationPlatforms) = postSolution
		{4B6E30D6-DF40-44AF-9D22-1E1C44FABAEB}.Debug|Any CPU.ActiveCfg = Debug|Any CPU
		{4B6E30D6-DF40-44AF-9D22-1E1C44FABAEB}.Debug|Any CPU.Build.0 = Debug|Any CPU
		{4B6E30D6-DF40-44AF-9D22-1E1C44FABAEB}.Release|Any CPU.ActiveCfg = Release|Any CPU
		{4B6E30D6-DF40-44AF-9D22-1E1C44FABAEB}.Release|Any CPU.Build.0 = Release|Any CPU
	EndGlobalSection
	GlobalSection(SolutionProperties) = preSolution
		HideSolutionNode = FALSE
	EndGlobalSection
	GlobalSection(ExtensibilityGlobals) = postSolution
		SolutionGuid = {11900000-9AA9-48B9-A789-31954D1869C7}
	EndGlobalSection
EndGlobal
